
Microsoft Visual Studio Solution File, Format Version 12.00
# Visual Studio Version 17
VisualStudioVersion = 17.0.31903.59
MinimumVisualStudioVersion = 10.0.40219.1
Project("{FAE04EC0-301F-11D3-BF4B-00C04F79EFBC}") = "ApiGateway", "ApiGateway.csproj", "{0F6CAF53-3466-46B3-B460-A180A90DB78F}"
EndProject
Project("{FAE04EC0-301F-11D3-BF4B-00C04F79EFBC}") = "Core", "..\Core\Core.csproj", "{0A9242E8-909D-406D-A70E-2AF0B12A6053}"
EndProject
Global
	GlobalSection(SolutionConfigurationPlatforms) = preSolution
		Debug|Any CPU = Debug|Any CPU
		Release|Any CPU = Release|Any CPU
	EndGlobalSection
	GlobalSection(SolutionProperties) = preSolution
		HideSolutionNode = FALSE
	EndGlobalSection
	GlobalSection(ProjectConfigurationPlatforms) = postSolution
		{0F6CAF53-3466-46B3-B460-A180A90DB78F}.Debug|Any CPU.ActiveCfg = Debug|Any CPU
		{0F6CAF53-3466-46B3-B460-A180A90DB78F}.Debug|Any CPU.Build.0 = Debug|Any CPU
		{0F6CAF53-3466-46B3-B460-A180A90DB78F}.Release|Any CPU.ActiveCfg = Release|Any CPU
		{0F6CAF53-3466-46B3-B460-A180A90DB78F}.Release|Any CPU.Build.0 = Release|Any CPU
		{0A9242E8-909D-406D-A70E-2AF0B12A6053}.Debug|Any CPU.ActiveCfg = Debug|Any CPU
		{0A9242E8-909D-406D-A70E-2AF0B12A6053}.Debug|Any CPU.Build.0 = Debug|Any CPU
		{0A9242E8-909D-406D-A70E-2AF0B12A6053}.Release|Any CPU.ActiveCfg = Release|Any CPU
		{0A9242E8-909D-406D-A70E-2AF0B12A6053}.Release|Any CPU.Build.0 = Release|Any CPU
	EndGlobalSection
EndGlobal
